
Microsoft Visual Studio Solution File, Format Version 12.00
# Visual Studio Version 17
VisualStudioVersion = 17.12.35521.163
MinimumVisualStudioVersion = 10.0.40219.1
Project("{2150E333-8FDC-42A3-9474-1A3956D46DE8}") = "Services", "Services", "{984F8E5C-F48B-496A-B8B4-3D38DCB48989}"
EndProject
Project("{2150E333-8FDC-42A3-9474-1A3956D46DE8}") = "Catalog", "Catalog", "{3C7A0D31-D80B-419D-BC87-C25DB76A7AEC}"
EndProject
Project("{FAE04EC0-301F-11D3-BF4B-00C04F79EFBC}") = "Catalog.API", "Services\Catalog\Catalog.API\Catalog.API.csproj", "{D4C523BF-1F4D-40FF-8CF7-15C9DA6234B4}"
EndProject
Project("{2150E333-8FDC-42A3-9474-1A3956D46DE8}") = "BuildingBlocks", "BuildingBlocks", "{A3D47F45-89FE-4404-BC49-AFB21E7A7183}"
EndProject
Project("{FAE04EC0-301F-11D3-BF4B-00C04F79EFBC}") = "BuildingBlocks", "BuildingBlocks\BuildingBlocks\BuildingBlocks.csproj", "{49696D96-9FFE-43B3-9D40-D449E1A19676}"
EndProject
Project("{E53339B2-1760-4266-BCC7-CA923CBCF16C}") = "docker-compose", "docker-compose.dcproj", "{20AFAAC2-CB41-4DAC-A20D-3BDBBA8A8A45}"
EndProject
Global
	GlobalSection(SolutionConfigurationPlatforms) = preSolution
		Debug|Any CPU = Debug|Any CPU
		Release|Any CPU = Release|Any CPU
	EndGlobalSection
	GlobalSection(ProjectConfigurationPlatforms) = postSolution
		{D4C523BF-1F4D-40FF-8CF7-15C9DA6234B4}.Debug|Any CPU.ActiveCfg = Debug|Any CPU
		{D4C523BF-1F4D-40FF-8CF7-15C9DA6234B4}.Debug|Any CPU.Build.0 = Debug|Any CPU
		{D4C523BF-1F4D-40FF-8CF7-15C9DA6234B4}.Release|Any CPU.ActiveCfg = Release|Any CPU
		{D4C523BF-1F4D-40FF-8CF7-15C9DA6234B4}.Release|Any CPU.Build.0 = Release|Any CPU
		{49696D96-9FFE-43B3-9D40-D449E1A19676}.Debug|Any CPU.ActiveCfg = Debug|Any CPU
		{49696D96-9FFE-43B3-9D40-D449E1A19676}.Debug|Any CPU.Build.0 = Debug|Any CPU
		{49696D96-9FFE-43B3-9D40-D449E1A19676}.Release|Any CPU.ActiveCfg = Release|Any CPU
		{49696D96-9FFE-43B3-9D40-D449E1A19676}.Release|Any CPU.Build.0 = Release|Any CPU
		{20AFAAC2-CB41-4DAC-A20D-3BDBBA8A8A45}.Debug|Any CPU.ActiveCfg = Debug|Any CPU
		{20AFAAC2-CB41-4DAC-A20D-3BDBBA8A8A45}.Debug|Any CPU.Build.0 = Debug|Any CPU
		{20AFAAC2-CB41-4DAC-A20D-3BDBBA8A8A45}.Release|Any CPU.ActiveCfg = Release|Any CPU
		{20AFAAC2-CB41-4DAC-A20D-3BDBBA8A8A45}.Release|Any CPU.Build.0 = Release|Any CPU
	EndGlobalSection
	GlobalSection(SolutionProperties) = preSolution
		HideSolutionNode = FALSE
	EndGlobalSection
	GlobalSection(NestedProjects) = preSolution
		{3C7A0D31-D80B-419D-BC87-C25DB76A7AEC} = {984F8E5C-F48B-496A-B8B4-3D38DCB48989}
		{D4C523BF-1F4D-40FF-8CF7-15C9DA6234B4} = {3C7A0D31-D80B-419D-BC87-C25DB76A7AEC}
		{49696D96-9FFE-43B3-9D40-D449E1A19676} = {A3D47F45-89FE-4404-BC49-AFB21E7A7183}
	EndGlobalSection
EndGlobal
